
Microsoft Visual Studio Solution File, Format Version 12.00
# Visual Studio Version 17
VisualStudioVersion = 17.4.33205.214
MinimumVisualStudioVersion = 10.0.40219.1
Project("{9A19103F-16F7-4668-BE54-9A1E7A4F7556}") = "ModsDudeServer.API", "ModsDudeServer.API\ModsDudeServer.API.csproj", "{9EFDBD44-2DD9-4A7B-ADD2-E35D2627BF4B}"
EndProject
Project("{9A19103F-16F7-4668-BE54-9A1E7A4F7556}") = "ModsDudeServer.Domain", "ModsDudeServer.Domain\ModsDudeServer.Domain.csproj", "{607C40B2-1953-4B5B-A013-0367A4BC73CE}"
EndProject
Project("{9A19103F-16F7-4668-BE54-9A1E7A4F7556}") = "ModsDudeServer.DataAccess", "ModsDudeServer.DataAccess\ModsDudeServer.DataAccess.csproj", "{80125D70-07F3-43DB-A790-1FC8851AC2A4}"
EndProject
Project("{FAE04EC0-301F-11D3-BF4B-00C04F79EFBC}") = "ModsDudeServer.Modules.Authentication.Core", "ModsDudeServer.Modules.Authentication.Core\ModsDudeServer.Modules.Authentication.Core.csproj", "{65A0E8B9-C6CE-47D6-9FE9-047EC158CC65}"
EndProject
Project("{FAE04EC0-301F-11D3-BF4B-00C04F79EFBC}") = "ModsDudeServer.Modules.Invites.Core", "ModsDudeServer.Modules.Invites.Core\ModsDudeServer.Modules.Invites.Core.csproj", "{74C285E7-3E3B-4F68-BF62-A46C25315E58}"
EndProject
Project("{FAE04EC0-301F-11D3-BF4B-00C04F79EFBC}") = "ModsDudeServer.Modules.Invites.Shared", "ModsDudeServer.Modules.Invites.Shared\ModsDudeServer.Modules.Invites.Shared.csproj", "{5C36BA0D-1150-4DA7-A740-C764BFE884C3}"
EndProject
Project("{FAE04EC0-301F-11D3-BF4B-00C04F79EFBC}") = "ModsDudeServer.Common", "ModsDudeServer.Common\ModsDudeServer.Common.csproj", "{F190A257-DE91-4220-8300-716D6CF180F0}"
EndProject
Global
	GlobalSection(SolutionConfigurationPlatforms) = preSolution
		Debug|Any CPU = Debug|Any CPU
		Release|Any CPU = Release|Any CPU
	EndGlobalSection
	GlobalSection(ProjectConfigurationPlatforms) = postSolution
		{9EFDBD44-2DD9-4A7B-ADD2-E35D2627BF4B}.Debug|Any CPU.ActiveCfg = Debug|Any CPU
		{9EFDBD44-2DD9-4A7B-ADD2-E35D2627BF4B}.Debug|Any CPU.Build.0 = Debug|Any CPU
		{9EFDBD44-2DD9-4A7B-ADD2-E35D2627BF4B}.Release|Any CPU.ActiveCfg = Release|Any CPU
		{9EFDBD44-2DD9-4A7B-ADD2-E35D2627BF4B}.Release|Any CPU.Build.0 = Release|Any CPU
		{607C40B2-1953-4B5B-A013-0367A4BC73CE}.Debug|Any CPU.ActiveCfg = Debug|Any CPU
		{607C40B2-1953-4B5B-A013-0367A4BC73CE}.Debug|Any CPU.Build.0 = Debug|Any CPU
		{607C40B2-1953-4B5B-A013-0367A4BC73CE}.Release|Any CPU.ActiveCfg = Release|Any CPU
		{607C40B2-1953-4B5B-A013-0367A4BC73CE}.Release|Any CPU.Build.0 = Release|Any CPU
		{80125D70-07F3-43DB-A790-1FC8851AC2A4}.Debug|Any CPU.ActiveCfg = Debug|Any CPU
		{80125D70-07F3-43DB-A790-1FC8851AC2A4}.Debug|Any CPU.Build.0 = Debug|Any CPU
		{80125D70-07F3-43DB-A790-1FC8851AC2A4}.Release|Any CPU.ActiveCfg = Release|Any CPU
		{80125D70-07F3-43DB-A790-1FC8851AC2A4}.Release|Any CPU.Build.0 = Release|Any CPU
		{65A0E8B9-C6CE-47D6-9FE9-047EC158CC65}.Debug|Any CPU.ActiveCfg = Debug|Any CPU
		{65A0E8B9-C6CE-47D6-9FE9-047EC158CC65}.Debug|Any CPU.Build.0 = Debug|Any CPU
		{65A0E8B9-C6CE-47D6-9FE9-047EC158CC65}.Release|Any CPU.ActiveCfg = Release|Any CPU
		{65A0E8B9-C6CE-47D6-9FE9-047EC158CC65}.Release|Any CPU.Build.0 = Release|Any CPU
		{74C285E7-3E3B-4F68-BF62-A46C25315E58}.Debug|Any CPU.ActiveCfg = Debug|Any CPU
		{74C285E7-3E3B-4F68-BF62-A46C25315E58}.Debug|Any CPU.Build.0 = Debug|Any CPU
		{74C285E7-3E3B-4F68-BF62-A46C25315E58}.Release|Any CPU.ActiveCfg = Release|Any CPU
		{74C285E7-3E3B-4F68-BF62-A46C25315E58}.Release|Any CPU.Build.0 = Release|Any CPU
		{5C36BA0D-1150-4DA7-A740-C764BFE884C3}.Debug|Any CPU.ActiveCfg = Debug|Any CPU
		{5C36BA0D-1150-4DA7-A740-C764BFE884C3}.Debug|Any CPU.Build.0 = Debug|Any CPU
		{5C36BA0D-1150-4DA7-A740-C764BFE884C3}.Release|Any CPU.ActiveCfg = Release|Any CPU
		{5C36BA0D-1150-4DA7-A740-C764BFE884C3}.Release|Any CPU.Build.0 = Release|Any CPU
		{F190A257-DE91-4220-8300-716D6CF180F0}.Debug|Any CPU.ActiveCfg = Debug|Any CPU
		{F190A257-DE91-4220-8300-716D6CF180F0}.Debug|Any CPU.Build.0 = Debug|Any CPU
		{F190A257-DE91-4220-8300-716D6CF180F0}.Release|Any CPU.ActiveCfg = Release|Any CPU
		{F190A257-DE91-4220-8300-716D6CF180F0}.Release|Any CPU.Build.0 = Release|Any CPU
	EndGlobalSection
	GlobalSection(SolutionProperties) = preSolution
		HideSolutionNode = FALSE
	EndGlobalSection
	GlobalSection(ExtensibilityGlobals) = postSolution
		SolutionGuid = {C8B9D69D-68F6-48D9-BC22-4B2E9E95EC84}
	EndGlobalSection
EndGlobal
